
Microsoft Visual Studio Solution File, Format Version 12.00
# Visual Studio Version 16
VisualStudioVersion = 16.0.29613.14
MinimumVisualStudioVersion = 10.0.40219.1
Project("{FAE04EC0-301F-11D3-BF4B-00C04F79EFBC}") = "LinqTutorial", "LinqTutorial.csproj", "{16ADF6A7-ACB0-4958-A6EC-5A435642D104}"
EndProject
Global
	GlobalSection(SolutionConfigurationPlatforms) = preSolution
		Debug|Any CPU = Debug|Any CPU
		Release|Any CPU = Release|Any CPU
	EndGlobalSection
	GlobalSection(ProjectConfigurationPlatforms) = postSolution
		{16ADF6A7-ACB0-4958-A6EC-5A435642D104}.Debug|Any CPU.ActiveCfg = Debug|Any CPU
		{16ADF6A7-ACB0-4958-A6EC-5A435642D104}.Debug|Any CPU.Build.0 = Debug|Any CPU
		{16ADF6A7-ACB0-4958-A6EC-5A435642D104}.Release|Any CPU.ActiveCfg = Release|Any CPU
		{16ADF6A7-ACB0-4958-A6EC-5A435642D104}.Release|Any CPU.Build.0 = Release|Any CPU
	EndGlobalSection
	GlobalSection(SolutionProperties) = preSolution
		HideSolutionNode = FALSE
	EndGlobalSection
	GlobalSection(ExtensibilityGlobals) = postSolution
		SolutionGuid = {34B05E13-BC2B-4962-B0B3-95CCB8594C9C}
	EndGlobalSection
EndGlobal
